
Microsoft Visual Studio Solution File, Format Version 12.00
# Visual Studio Version 16
VisualStudioVersion = 16.0.30621.155
MinimumVisualStudioVersion = 10.0.40219.1
Project("{FAE04EC0-301F-11D3-BF4B-00C04F79EFBC}") = "ContainerCheckDigitCalculator", "ContainerCheckDigitCalculator.csproj", "{659CB985-BD02-4BED-B286-EF1A1D91505D}"
EndProject
Project("{FAE04EC0-301F-11D3-BF4B-00C04F79EFBC}") = "CheckDigitCalculatorTests", "..\CheckDigitCalculatorTests\CheckDigitCalculatorTests.csproj", "{B2CE4D16-7F56-450A-9885-21FF3FBB1E3D}"
EndProject
Project("{FAE04EC0-301F-11D3-BF4B-00C04F79EFBC}") = "CreateContainersBatch", "..\CreateContainersBatch\CreateContainersBatch.csproj", "{195C9E7F-3D18-4C1F-857A-ED23A9DEDBA1}"
EndProject
Project("{FAE04EC0-301F-11D3-BF4B-00C04F79EFBC}") = "RandomProducerTest", "..\RandomProducerTest\RandomProducerTest.csproj", "{7C49C065-B76D-48DE-83B1-E9102C226020}"
EndProject
Project("{FAE04EC0-301F-11D3-BF4B-00C04F79EFBC}") = "ContainerSearch", "..\ContainerSearch\ContainerSearch.csproj", "{A5732B23-076F-405C-A13E-109A5ED3D0DC}"
EndProject
Global
	GlobalSection(SolutionConfigurationPlatforms) = preSolution
		Debug|Any CPU = Debug|Any CPU
		Release|Any CPU = Release|Any CPU
	EndGlobalSection
	GlobalSection(ProjectConfigurationPlatforms) = postSolution
		{659CB985-BD02-4BED-B286-EF1A1D91505D}.Debug|Any CPU.ActiveCfg = Debug|Any CPU
		{659CB985-BD02-4BED-B286-EF1A1D91505D}.Debug|Any CPU.Build.0 = Debug|Any CPU
		{659CB985-BD02-4BED-B286-EF1A1D91505D}.Release|Any CPU.ActiveCfg = Release|Any CPU
		{659CB985-BD02-4BED-B286-EF1A1D91505D}.Release|Any CPU.Build.0 = Release|Any CPU
		{B2CE4D16-7F56-450A-9885-21FF3FBB1E3D}.Debug|Any CPU.ActiveCfg = Debug|Any CPU
		{B2CE4D16-7F56-450A-9885-21FF3FBB1E3D}.Debug|Any CPU.Build.0 = Debug|Any CPU
		{B2CE4D16-7F56-450A-9885-21FF3FBB1E3D}.Release|Any CPU.ActiveCfg = Release|Any CPU
		{B2CE4D16-7F56-450A-9885-21FF3FBB1E3D}.Release|Any CPU.Build.0 = Release|Any CPU
		{195C9E7F-3D18-4C1F-857A-ED23A9DEDBA1}.Debug|Any CPU.ActiveCfg = Debug|Any CPU
		{195C9E7F-3D18-4C1F-857A-ED23A9DEDBA1}.Debug|Any CPU.Build.0 = Debug|Any CPU
		{195C9E7F-3D18-4C1F-857A-ED23A9DEDBA1}.Release|Any CPU.ActiveCfg = Release|Any CPU
		{195C9E7F-3D18-4C1F-857A-ED23A9DEDBA1}.Release|Any CPU.Build.0 = Release|Any CPU
		{7C49C065-B76D-48DE-83B1-E9102C226020}.Debug|Any CPU.ActiveCfg = Debug|Any CPU
		{7C49C065-B76D-48DE-83B1-E9102C226020}.Debug|Any CPU.Build.0 = Debug|Any CPU
		{7C49C065-B76D-48DE-83B1-E9102C226020}.Release|Any CPU.ActiveCfg = Release|Any CPU
		{7C49C065-B76D-48DE-83B1-E9102C226020}.Release|Any CPU.Build.0 = Release|Any CPU
		{A5732B23-076F-405C-A13E-109A5ED3D0DC}.Debug|Any CPU.ActiveCfg = Debug|Any CPU
		{A5732B23-076F-405C-A13E-109A5ED3D0DC}.Debug|Any CPU.Build.0 = Debug|Any CPU
		{A5732B23-076F-405C-A13E-109A5ED3D0DC}.Release|Any CPU.ActiveCfg = Release|Any CPU
		{A5732B23-076F-405C-A13E-109A5ED3D0DC}.Release|Any CPU.Build.0 = Release|Any CPU
	EndGlobalSection
	GlobalSection(SolutionProperties) = preSolution
		HideSolutionNode = FALSE
	EndGlobalSection
	GlobalSection(ExtensibilityGlobals) = postSolution
		SolutionGuid = {6419A497-9194-4058-ADF7-E8C11B1D76FA}
	EndGlobalSection
EndGlobal
